
Microsoft Visual Studio Solution File, Format Version 12.00
# Visual Studio 14
VisualStudioVersion = 14.0.24720.0
MinimumVisualStudioVersion = 10.0.40219.1
Project("{FAE04EC0-301F-11D3-BF4B-00C04F79EFBC}") = "StudentDetails", "StudentDetails\StudentDetails.csproj", "{AADA38E7-CF6E-4D4E-83E5-273E9281C152}"
EndProject
Project("{2150E333-8FDC-42A3-9474-1A3956D46DE8}") = "Solution Items", "Solution Items", "{485D64D4-6570-412E-8ED3-0CE8C5DC1F44}"
	ProjectSection(SolutionItems) = preProject
		HTMLPage1.html = HTMLPage1.html
	EndProjectSection
EndProject
Global
	GlobalSection(SolutionConfigurationPlatforms) = preSolution
		Debug|Any CPU = Debug|Any CPU
		Release|Any CPU = Release|Any CPU
	EndGlobalSection
	GlobalSection(ProjectConfigurationPlatforms) = postSolution
		{AADA38E7-CF6E-4D4E-83E5-273E9281C152}.Debug|Any CPU.ActiveCfg = Debug|Any CPU
		{AADA38E7-CF6E-4D4E-83E5-273E9281C152}.Debug|Any CPU.Build.0 = Debug|Any CPU
		{AADA38E7-CF6E-4D4E-83E5-273E9281C152}.Release|Any CPU.ActiveCfg = Release|Any CPU
		{AADA38E7-CF6E-4D4E-83E5-273E9281C152}.Release|Any CPU.Build.0 = Release|Any CPU
	EndGlobalSection
	GlobalSection(SolutionProperties) = preSolution
		HideSolutionNode = FALSE
	EndGlobalSection
EndGlobal
